
Microsoft Visual Studio Solution File, Format Version 12.00
# Visual Studio Version 17
VisualStudioVersion = 17.5.33627.172
MinimumVisualStudioVersion = 10.0.40219.1
Project("{FAE04EC0-301F-11D3-BF4B-00C04F79EFBC}") = "OrderingFood", "OrderingFood.csproj", "{ED27FE19-7133-4A31-8E45-9DAC5A7E4B52}"
EndProject
Global
	GlobalSection(SolutionConfigurationPlatforms) = preSolution
		Debug|Any CPU = Debug|Any CPU
		Release|Any CPU = Release|Any CPU
	EndGlobalSection
	GlobalSection(ProjectConfigurationPlatforms) = postSolution
		{ED27FE19-7133-4A31-8E45-9DAC5A7E4B52}.Debug|Any CPU.ActiveCfg = Debug|Any CPU
		{ED27FE19-7133-4A31-8E45-9DAC5A7E4B52}.Debug|Any CPU.Build.0 = Debug|Any CPU
		{ED27FE19-7133-4A31-8E45-9DAC5A7E4B52}.Release|Any CPU.ActiveCfg = Release|Any CPU
		{ED27FE19-7133-4A31-8E45-9DAC5A7E4B52}.Release|Any CPU.Build.0 = Release|Any CPU
	EndGlobalSection
	GlobalSection(SolutionProperties) = preSolution
		HideSolutionNode = FALSE
	EndGlobalSection
	GlobalSection(ExtensibilityGlobals) = postSolution
		SolutionGuid = {3EC568C4-F714-4624-96C9-5C4BD11931DE}
	EndGlobalSection
EndGlobal
